
Microsoft Visual Studio Solution File, Format Version 12.00
# Visual Studio Version 16
VisualStudioVersion = 16.0.810.23
MinimumVisualStudioVersion = 10.0.40219.1
Project("{FAE04EC0-301F-11D3-BF4B-00C04F79EFBC}") = "Variables", "Variables\Variables.csproj", "{811B5651-FB6B-44BF-9AC2-42C90D2EA01A}"
EndProject
Global
	GlobalSection(SolutionConfigurationPlatforms) = preSolution
		Debug|Any CPU = Debug|Any CPU
		Release|Any CPU = Release|Any CPU
	EndGlobalSection
	GlobalSection(ProjectConfigurationPlatforms) = postSolution
		{811B5651-FB6B-44BF-9AC2-42C90D2EA01A}.Debug|Any CPU.ActiveCfg = Debug|Any CPU
		{811B5651-FB6B-44BF-9AC2-42C90D2EA01A}.Debug|Any CPU.Build.0 = Debug|Any CPU
		{811B5651-FB6B-44BF-9AC2-42C90D2EA01A}.Release|Any CPU.ActiveCfg = Release|Any CPU
		{811B5651-FB6B-44BF-9AC2-42C90D2EA01A}.Release|Any CPU.Build.0 = Release|Any CPU
	EndGlobalSection
	GlobalSection(SolutionProperties) = preSolution
		HideSolutionNode = FALSE
	EndGlobalSection
	GlobalSection(ExtensibilityGlobals) = postSolution
		SolutionGuid = {221D10B3-631F-48EC-ADCD-919F272D5E56}
	EndGlobalSection
EndGlobal
